
Microsoft Visual Studio Solution File, Format Version 12.00
# Visual Studio Version 17
VisualStudioVersion = 17.8.34330.188
MinimumVisualStudioVersion = 10.0.40219.1
Project("{FAE04EC0-301F-11D3-BF4B-00C04F79EFBC}") = "VinylBurner", "VinylBurner.csproj", "{92271C46-0861-402A-BA21-4FC3D419D993}"
EndProject
Global
	GlobalSection(SolutionConfigurationPlatforms) = preSolution
		Debug|Any CPU = Debug|Any CPU
		Release|Any CPU = Release|Any CPU
	EndGlobalSection
	GlobalSection(ProjectConfigurationPlatforms) = postSolution
		{92271C46-0861-402A-BA21-4FC3D419D993}.Debug|Any CPU.ActiveCfg = Debug|Any CPU
		{92271C46-0861-402A-BA21-4FC3D419D993}.Debug|Any CPU.Build.0 = Debug|Any CPU
		{92271C46-0861-402A-BA21-4FC3D419D993}.Release|Any CPU.ActiveCfg = Release|Any CPU
		{92271C46-0861-402A-BA21-4FC3D419D993}.Release|Any CPU.Build.0 = Release|Any CPU
	EndGlobalSection
	GlobalSection(SolutionProperties) = preSolution
		HideSolutionNode = FALSE
	EndGlobalSection
	GlobalSection(ExtensibilityGlobals) = postSolution
		SolutionGuid = {3CEC28BA-5BC5-452A-BEEA-9089DFFCFA1E}
	EndGlobalSection
EndGlobal
